<?xml version="1.0" encoding="utf-8"?>
<Project ToolsVersion="4.0" xmlns="http://schemas.microsoft.com/developer/msbuild/2003">
  <ItemGroup>
    <Filter Include="Source Files">
      <UniqueIdentifier>{4FC737F1-C7A5-4376-A066-2A32D752A2FF}</UniqueIdentifier>
      <Extensions>cpp;c;cc;cxx;c++;cppm;ixx;def;odl;idl;hpj;bat;asm;asmx</Extensions>
    </Filter>
    <Filter Include="Header Files">
      <UniqueIdentifier>{93995380-89BD-4b04-88EB-625FBE52EBFB}</UniqueIdentifier>
      <Extensions>h;hh;hpp;hxx;h++;hm;inl;inc;ipp;xsd</Extensions>
    </Filter>
    <Filter Include="Resource Files">
      <UniqueIdentifier>{67DA6AB6-F800-4c08-8B7A-83BB121AAD01}</UniqueIdentifier>
      <Extensions>rc;ico;cur;bmp;dlg;rc2;rct;bin;rgs;gif;jpg;jpeg;jpe;resx;tiff;tif;png;wav;mfcribbon-ms</Extensions>
    </Filter>
  </ItemGroup>
  <ItemGroup>
    <ClCompile Include="main.c">
      <Filter>Source Files</Filter>
    </ClCompile>
    <ClCompile Include="src\o2\time.c">
      <Filter>Source Files</Filter>
    </ClCompile>
    <ClCompile Include="src\o2\arena.c">
      <Filter>Source Files</Filter>
    </ClCompile>
    <ClCompile Include="src\o2\raylib\display.c">
      <Filter>Source Files</Filter>
    </ClCompile>
    <ClCompile Include="src\o2\math.c">
      <Filter>Source Files</Filter>
    </ClCompile>
    <ClCompile Include="src\o2\world.c">
      <Filter>Source Files</Filter>
    </ClCompile>
    <ClCompile Include="src\o2\raylib\asset.c">
      <Filter>Source Files</Filter>
    </ClCompile>
  </ItemGroup>
  <ItemGroup>
    <ClInclude Include="include\o2\time.h">
      <Filter>Header Files</Filter>
    </ClInclude>
    <ClInclude Include="include\o2\types.h">
      <Filter>Header Files</Filter>
    </ClInclude>
    <ClInclude Include="include\o2\arena.h">
      <Filter>Header Files</Filter>
    </ClInclude>
    <ClInclude Include="include\o2\world.h">
      <Filter>Header Files</Filter>
    </ClInclude>
    <ClInclude Include="include\o2\raylib\display.h">
      <Filter>Header Files</Filter>
    </ClInclude>
    <ClInclude Include="include\o2\math.h">
      <Filter>Header Files</Filter>
    </ClInclude>
    <ClInclude Include="include\o2\raylib\asset.h">
      <Filter>Header Files</Filter>
    </ClInclude>
  </ItemGroup>
</Project>